
Microsoft Visual Studio Solution File, Format Version 12.00
# Visual Studio Version 16
VisualStudioVersion = 16.0.30028.174
MinimumVisualStudioVersion = 10.0.40219.1
Project("{FAE04EC0-301F-11D3-BF4B-00C04F79EFBC}") = "BukasBa.Android", "BukasBa\BukasBa.Android\BukasBa.Android.csproj", "{5A94464C-636F-41C1-A02D-7E677CE2F764}"
EndProject
Project("{FAE04EC0-301F-11D3-BF4B-00C04F79EFBC}") = "BukasBa.iOS", "BukasBa\BukasBa.iOS\BukasBa.iOS.csproj", "{F1E1AB8D-DBBF-4B59-AC2C-F5CDE00C33B5}"
EndProject
Project("{FAE04EC0-301F-11D3-BF4B-00C04F79EFBC}") = "BukasBa.UI", "BukasBa\BukasBa\BukasBa.UI.csproj", "{8B1FCEAE-CCF0-487C-B653-7230504A6845}"
EndProject
Project("{2150E333-8FDC-42A3-9474-1A3956D46DE8}") = "Platforms", "Platforms", "{318C12B0-3287-41BE-B97B-4B255CBBAFA9}"
EndProject
Project("{2150E333-8FDC-42A3-9474-1A3956D46DE8}") = "Mobile", "Mobile", "{E0A3C0E9-0668-4CD8-9555-54E9A9C3B0AD}"
EndProject
Project("{2150E333-8FDC-42A3-9474-1A3956D46DE8}") = "Desktop", "Desktop", "{05CFCB34-7A63-496F-BA00-3CA99622E233}"
EndProject
Project("{FAE04EC0-301F-11D3-BF4B-00C04F79EFBC}") = "BukasBa.UWP", "BukasBa.UWP\BukasBa.UWP.csproj", "{C7A1E1DC-3B00-4B97-9FF0-90E626981BE5}"
EndProject
Project("{FAE04EC0-301F-11D3-BF4B-00C04F79EFBC}") = "BukasBa.CoreLibrary", "BukasBa.CoreLibrary\BukasBa.CoreLibrary.csproj", "{D8DA6D82-B15A-42F5-B396-A0C021B9838B}"
EndProject
Global
	GlobalSection(SolutionConfigurationPlatforms) = preSolution
		Debug|Any CPU = Debug|Any CPU
		Debug|ARM = Debug|ARM
		Debug|ARM64 = Debug|ARM64
		Debug|iPhone = Debug|iPhone
		Debug|iPhoneSimulator = Debug|iPhoneSimulator
		Debug|x64 = Debug|x64
		Debug|x86 = Debug|x86
		Release|Any CPU = Release|Any CPU
		Release|ARM = Release|ARM
		Release|ARM64 = Release|ARM64
		Release|iPhone = Release|iPhone
		Release|iPhoneSimulator = Release|iPhoneSimulator
		Release|x64 = Release|x64
		Release|x86 = Release|x86
	EndGlobalSection
	GlobalSection(ProjectConfigurationPlatforms) = postSolution
		{5A94464C-636F-41C1-A02D-7E677CE2F764}.Debug|Any CPU.ActiveCfg = Debug|Any CPU
		{5A94464C-636F-41C1-A02D-7E677CE2F764}.Debug|Any CPU.Build.0 = Debug|Any CPU
		{5A94464C-636F-41C1-A02D-7E677CE2F764}.Debug|Any CPU.Deploy.0 = Debug|Any CPU
		{5A94464C-636F-41C1-A02D-7E677CE2F764}.Debug|ARM.ActiveCfg = Debug|Any CPU
		{5A94464C-636F-41C1-A02D-7E677CE2F764}.Debug|ARM.Build.0 = Debug|Any CPU
		{5A94464C-636F-41C1-A02D-7E677CE2F764}.Debug|ARM.Deploy.0 = Debug|Any CPU
		{5A94464C-636F-41C1-A02D-7E677CE2F764}.Debug|ARM64.ActiveCfg = Debug|Any CPU
		{5A94464C-636F-41C1-A02D-7E677CE2F764}.Debug|ARM64.Build.0 = Debug|Any CPU
		{5A94464C-636F-41C1-A02D-7E677CE2F764}.Debug|ARM64.Deploy.0 = Debug|Any CPU
		{5A94464C-636F-41C1-A02D-7E677CE2F764}.Debug|iPhone.ActiveCfg = Debug|Any CPU
		{5A94464C-636F-41C1-A02D-7E677CE2F764}.Debug|iPhone.Build.0 = Debug|Any CPU
		{5A94464C-636F-41C1-A02D-7E677CE2F764}.Debug|iPhone.Deploy.0 = Debug|Any CPU
		{5A94464C-636F-41C1-A02D-7E677CE2F764}.Debug|iPhoneSimulator.ActiveCfg = Debug|Any CPU
		{5A94464C-636F-41C1-A02D-7E677CE2F764}.Debug|iPhoneSimulator.Build.0 = Debug|Any CPU
		{5A94464C-636F-41C1-A02D-7E677CE2F764}.Debug|iPhoneSimulator.Deploy.0 = Debug|Any CPU
		{5A94464C-636F-41C1-A02D-7E677CE2F764}.Debug|x64.ActiveCfg = Debug|Any CPU
		{5A94464C-636F-41C1-A02D-7E677CE2F764}.Debug|x64.Build.0 = Debug|Any CPU
		{5A94464C-636F-41C1-A02D-7E677CE2F764}.Debug|x64.Deploy.0 = Debug|Any CPU
		{5A94464C-636F-41C1-A02D-7E677CE2F764}.Debug|x86.ActiveCfg = Debug|Any CPU
		{5A94464C-636F-41C1-A02D-7E677CE2F764}.Debug|x86.Build.0 = Debug|Any CPU
		{5A94464C-636F-41C1-A02D-7E677CE2F764}.Debug|x86.Deploy.0 = Debug|Any CPU
		{5A94464C-636F-41C1-A02D-7E677CE2F764}.Release|Any CPU.ActiveCfg = Release|Any CPU
		{5A94464C-636F-41C1-A02D-7E677CE2F764}.Release|Any CPU.Build.0 = Release|Any CPU
		{5A94464C-636F-41C1-A02D-7E677CE2F764}.Release|Any CPU.Deploy.0 = Release|Any CPU
		{5A94464C-636F-41C1-A02D-7E677CE2F764}.Release|ARM.ActiveCfg = Release|Any CPU
		{5A94464C-636F-41C1-A02D-7E677CE2F764}.Release|ARM.Build.0 = Release|Any CPU
		{5A94464C-636F-41C1-A02D-7E677CE2F764}.Release|ARM.Deploy.0 = Release|Any CPU
		{5A94464C-636F-41C1-A02D-7E677CE2F764}.Release|ARM64.ActiveCfg = Release|Any CPU
		{5A94464C-636F-41C1-A02D-7E677CE2F764}.Release|ARM64.Build.0 = Release|Any CPU
		{5A94464C-636F-41C1-A02D-7E677CE2F764}.Release|ARM64.Deploy.0 = Release|Any CPU
		{5A94464C-636F-41C1-A02D-7E677CE2F764}.Release|iPhone.ActiveCfg = Release|Any CPU
		{5A94464C-636F-41C1-A02D-7E677CE2F764}.Release|iPhone.Build.0 = Release|Any CPU
		{5A94464C-636F-41C1-A02D-7E677CE2F764}.Release|iPhone.Deploy.0 = Release|Any CPU
		{5A94464C-636F-41C1-A02D-7E677CE2F764}.Release|iPhoneSimulator.ActiveCfg = Release|Any CPU
		{5A94464C-636F-41C1-A02D-7E677CE2F764}.Release|iPhoneSimulator.Build.0 = Release|Any CPU
		{5A94464C-636F-41C1-A02D-7E677CE2F764}.Release|iPhoneSimulator.Deploy.0 = Release|Any CPU
		{5A94464C-636F-41C1-A02D-7E677CE2F764}.Release|x64.ActiveCfg = Release|Any CPU
		{5A94464C-636F-41C1-A02D-7E677CE2F764}.Release|x64.Build.0 = Release|Any CPU
		{5A94464C-636F-41C1-A02D-7E677CE2F764}.Release|x64.Deploy.0 = Release|Any CPU
		{5A94464C-636F-41C1-A02D-7E677CE2F764}.Release|x86.ActiveCfg = Release|Any CPU
		{5A94464C-636F-41C1-A02D-7E677CE2F764}.Release|x86.Build.0 = Release|Any CPU
		{5A94464C-636F-41C1-A02D-7E677CE2F764}.Release|x86.Deploy.0 = Release|Any CPU
		{F1E1AB8D-DBBF-4B59-AC2C-F5CDE00C33B5}.Debug|Any CPU.ActiveCfg = Debug|iPhone
		{F1E1AB8D-DBBF-4B59-AC2C-F5CDE00C33B5}.Debug|Any CPU.Build.0 = Debug|iPhone
		{F1E1AB8D-DBBF-4B59-AC2C-F5CDE00C33B5}.Debug|Any CPU.Deploy.0 = Debug|iPhone
		{F1E1AB8D-DBBF-4B59-AC2C-F5CDE00C33B5}.Debug|ARM.ActiveCfg = Debug|iPhone
		{F1E1AB8D-DBBF-4B59-AC2C-F5CDE00C33B5}.Debug|ARM64.ActiveCfg = Debug|iPhone
		{F1E1AB8D-DBBF-4B59-AC2C-F5CDE00C33B5}.Debug|iPhone.ActiveCfg = Debug|iPhone
		{F1E1AB8D-DBBF-4B59-AC2C-F5CDE00C33B5}.Debug|iPhone.Build.0 = Debug|iPhone
		{F1E1AB8D-DBBF-4B59-AC2C-F5CDE00C33B5}.Debug|iPhone.Deploy.0 = Debug|iPhone
		{F1E1AB8D-DBBF-4B59-AC2C-F5CDE00C33B5}.Debug|iPhoneSimulator.ActiveCfg = Debug|iPhoneSimulator
		{F1E1AB8D-DBBF-4B59-AC2C-F5CDE00C33B5}.Debug|iPhoneSimulator.Build.0 = Debug|iPhoneSimulator
		{F1E1AB8D-DBBF-4B59-AC2C-F5CDE00C33B5}.Debug|iPhoneSimulator.Deploy.0 = Debug|iPhoneSimulator
		{F1E1AB8D-DBBF-4B59-AC2C-F5CDE00C33B5}.Debug|x64.ActiveCfg = Debug|iPhone
		{F1E1AB8D-DBBF-4B59-AC2C-F5CDE00C33B5}.Debug|x86.ActiveCfg = Debug|iPhone
		{F1E1AB8D-DBBF-4B59-AC2C-F5CDE00C33B5}.Release|Any CPU.ActiveCfg = Release|iPhone
		{F1E1AB8D-DBBF-4B59-AC2C-F5CDE00C33B5}.Release|Any CPU.Build.0 = Release|iPhone
		{F1E1AB8D-DBBF-4B59-AC2C-F5CDE00C33B5}.Release|Any CPU.Deploy.0 = Release|iPhone
		{F1E1AB8D-DBBF-4B59-AC2C-F5CDE00C33B5}.Release|ARM.ActiveCfg = Release|iPhone
		{F1E1AB8D-DBBF-4B59-AC2C-F5CDE00C33B5}.Release|ARM64.ActiveCfg = Release|iPhone
		{F1E1AB8D-DBBF-4B59-AC2C-F5CDE00C33B5}.Release|iPhone.ActiveCfg = Release|iPhone
		{F1E1AB8D-DBBF-4B59-AC2C-F5CDE00C33B5}.Release|iPhone.Build.0 = Release|iPhone
		{F1E1AB8D-DBBF-4B59-AC2C-F5CDE00C33B5}.Release|iPhone.Deploy.0 = Release|iPhone
		{F1E1AB8D-DBBF-4B59-AC2C-F5CDE00C33B5}.Release|iPhoneSimulator.ActiveCfg = Release|iPhoneSimulator
		{F1E1AB8D-DBBF-4B59-AC2C-F5CDE00C33B5}.Release|iPhoneSimulator.Build.0 = Release|iPhoneSimulator
		{F1E1AB8D-DBBF-4B59-AC2C-F5CDE00C33B5}.Release|iPhoneSimulator.Deploy.0 = Release|iPhoneSimulator
		{F1E1AB8D-DBBF-4B59-AC2C-F5CDE00C33B5}.Release|x64.ActiveCfg = Release|iPhone
		{F1E1AB8D-DBBF-4B59-AC2C-F5CDE00C33B5}.Release|x86.ActiveCfg = Release|iPhone
		{8B1FCEAE-CCF0-487C-B653-7230504A6845}.Debug|Any CPU.ActiveCfg = Debug|Any CPU
		{8B1FCEAE-CCF0-487C-B653-7230504A6845}.Debug|Any CPU.Build.0 = Debug|Any CPU
		{8B1FCEAE-CCF0-487C-B653-7230504A6845}.Debug|Any CPU.Deploy.0 = Debug|Any CPU
		{8B1FCEAE-CCF0-487C-B653-7230504A6845}.Debug|ARM.ActiveCfg = Debug|Any CPU
		{8B1FCEAE-CCF0-487C-B653-7230504A6845}.Debug|ARM.Build.0 = Debug|Any CPU
		{8B1FCEAE-CCF0-487C-B653-7230504A6845}.Debug|ARM64.ActiveCfg = Debug|Any CPU
		{8B1FCEAE-CCF0-487C-B653-7230504A6845}.Debug|ARM64.Build.0 = Debug|Any CPU
		{8B1FCEAE-CCF0-487C-B653-7230504A6845}.Debug|iPhone.ActiveCfg = Debug|Any CPU
		{8B1FCEAE-CCF0-487C-B653-7230504A6845}.Debug|iPhone.Build.0 = Debug|Any CPU
		{8B1FCEAE-CCF0-487C-B653-7230504A6845}.Debug|iPhone.Deploy.0 = Debug|Any CPU
		{8B1FCEAE-CCF0-487C-B653-7230504A6845}.Debug|iPhoneSimulator.ActiveCfg = Debug|Any CPU
		{8B1FCEAE-CCF0-487C-B653-7230504A6845}.Debug|iPhoneSimulator.Build.0 = Debug|Any CPU
		{8B1FCEAE-CCF0-487C-B653-7230504A6845}.Debug|iPhoneSimulator.Deploy.0 = Debug|Any CPU
		{8B1FCEAE-CCF0-487C-B653-7230504A6845}.Debug|x64.ActiveCfg = Debug|Any CPU
		{8B1FCEAE-CCF0-487C-B653-7230504A6845}.Debug|x64.Build.0 = Debug|Any CPU
		{8B1FCEAE-CCF0-487C-B653-7230504A6845}.Debug|x86.ActiveCfg = Debug|Any CPU
		{8B1FCEAE-CCF0-487C-B653-7230504A6845}.Debug|x86.Build.0 = Debug|Any CPU
		{8B1FCEAE-CCF0-487C-B653-7230504A6845}.Release|Any CPU.ActiveCfg = Release|Any CPU
		{8B1FCEAE-CCF0-487C-B653-7230504A6845}.Release|Any CPU.Build.0 = Release|Any CPU
		{8B1FCEAE-CCF0-487C-B653-7230504A6845}.Release|Any CPU.Deploy.0 = Release|Any CPU
		{8B1FCEAE-CCF0-487C-B653-7230504A6845}.Release|ARM.ActiveCfg = Release|Any CPU
		{8B1FCEAE-CCF0-487C-B653-7230504A6845}.Release|ARM.Build.0 = Release|Any CPU
		{8B1FCEAE-CCF0-487C-B653-7230504A6845}.Release|ARM64.ActiveCfg = Release|Any CPU
		{8B1FCEAE-CCF0-487C-B653-7230504A6845}.Release|ARM64.Build.0 = Release|Any CPU
		{8B1FCEAE-CCF0-487C-B653-7230504A6845}.Release|iPhone.ActiveCfg = Release|Any CPU
		{8B1FCEAE-CCF0-487C-B653-7230504A6845}.Release|iPhone.Build.0 = Release|Any CPU
		{8B1FCEAE-CCF0-487C-B653-7230504A6845}.Release|iPhone.Deploy.0 = Release|Any CPU
		{8B1FCEAE-CCF0-487C-B653-7230504A6845}.Release|iPhoneSimulator.ActiveCfg = Release|Any CPU
		{8B1FCEAE-CCF0-487C-B653-7230504A6845}.Release|iPhoneSimulator.Build.0 = Release|Any CPU
		{8B1FCEAE-CCF0-487C-B653-7230504A6845}.Release|iPhoneSimulator.Deploy.0 = Release|Any CPU
		{8B1FCEAE-CCF0-487C-B653-7230504A6845}.Release|x64.ActiveCfg = Release|Any CPU
		{8B1FCEAE-CCF0-487C-B653-7230504A6845}.Release|x64.Build.0 = Release|Any CPU
		{8B1FCEAE-CCF0-487C-B653-7230504A6845}.Release|x86.ActiveCfg = Release|Any CPU
		{8B1FCEAE-CCF0-487C-B653-7230504A6845}.Release|x86.Build.0 = Release|Any CPU
		{C7A1E1DC-3B00-4B97-9FF0-90E626981BE5}.Debug|Any CPU.ActiveCfg = Debug|x86
		{C7A1E1DC-3B00-4B97-9FF0-90E626981BE5}.Debug|ARM.ActiveCfg = Debug|ARM
		{C7A1E1DC-3B00-4B97-9FF0-90E626981BE5}.Debug|ARM.Build.0 = Debug|ARM
		{C7A1E1DC-3B00-4B97-9FF0-90E626981BE5}.Debug|ARM.Deploy.0 = Debug|ARM
		{C7A1E1DC-3B00-4B97-9FF0-90E626981BE5}.Debug|ARM64.ActiveCfg = Debug|ARM64
		{C7A1E1DC-3B00-4B97-9FF0-90E626981BE5}.Debug|ARM64.Build.0 = Debug|ARM64
		{C7A1E1DC-3B00-4B97-9FF0-90E626981BE5}.Debug|ARM64.Deploy.0 = Debug|ARM64
		{C7A1E1DC-3B00-4B97-9FF0-90E626981BE5}.Debug|iPhone.ActiveCfg = Debug|x86
		{C7A1E1DC-3B00-4B97-9FF0-90E626981BE5}.Debug|iPhoneSimulator.ActiveCfg = Debug|x86
		{C7A1E1DC-3B00-4B97-9FF0-90E626981BE5}.Debug|x64.ActiveCfg = Debug|x64
		{C7A1E1DC-3B00-4B97-9FF0-90E626981BE5}.Debug|x64.Build.0 = Debug|x64
		{C7A1E1DC-3B00-4B97-9FF0-90E626981BE5}.Debug|x64.Deploy.0 = Debug|x64
		{C7A1E1DC-3B00-4B97-9FF0-90E626981BE5}.Debug|x86.ActiveCfg = Debug|x86
		{C7A1E1DC-3B00-4B97-9FF0-90E626981BE5}.Debug|x86.Build.0 = Debug|x86
		{C7A1E1DC-3B00-4B97-9FF0-90E626981BE5}.Debug|x86.Deploy.0 = Debug|x86
		{C7A1E1DC-3B00-4B97-9FF0-90E626981BE5}.Release|Any CPU.ActiveCfg = Release|x86
		{C7A1E1DC-3B00-4B97-9FF0-90E626981BE5}.Release|ARM.ActiveCfg = Release|ARM
		{C7A1E1DC-3B00-4B97-9FF0-90E626981BE5}.Release|ARM.Build.0 = Release|ARM
		{C7A1E1DC-3B00-4B97-9FF0-90E626981BE5}.Release|ARM.Deploy.0 = Release|ARM
		{C7A1E1DC-3B00-4B97-9FF0-90E626981BE5}.Release|ARM64.ActiveCfg = Release|ARM64
		{C7A1E1DC-3B00-4B97-9FF0-90E626981BE5}.Release|ARM64.Build.0 = Release|ARM64
		{C7A1E1DC-3B00-4B97-9FF0-90E626981BE5}.Release|ARM64.Deploy.0 = Release|ARM64
		{C7A1E1DC-3B00-4B97-9FF0-90E626981BE5}.Release|iPhone.ActiveCfg = Release|x86
		{C7A1E1DC-3B00-4B97-9FF0-90E626981BE5}.Release|iPhoneSimulator.ActiveCfg = Release|x86
		{C7A1E1DC-3B00-4B97-9FF0-90E626981BE5}.Release|x64.ActiveCfg = Release|x64
		{C7A1E1DC-3B00-4B97-9FF0-90E626981BE5}.Release|x64.Build.0 = Release|x64
		{C7A1E1DC-3B00-4B97-9FF0-90E626981BE5}.Release|x64.Deploy.0 = Release|x64
		{C7A1E1DC-3B00-4B97-9FF0-90E626981BE5}.Release|x86.ActiveCfg = Release|x86
		{C7A1E1DC-3B00-4B97-9FF0-90E626981BE5}.Release|x86.Build.0 = Release|x86
		{C7A1E1DC-3B00-4B97-9FF0-90E626981BE5}.Release|x86.Deploy.0 = Release|x86
		{D8DA6D82-B15A-42F5-B396-A0C021B9838B}.Debug|Any CPU.ActiveCfg = Debug|Any CPU
		{D8DA6D82-B15A-42F5-B396-A0C021B9838B}.Debug|Any CPU.Build.0 = Debug|Any CPU
		{D8DA6D82-B15A-42F5-B396-A0C021B9838B}.Debug|ARM.ActiveCfg = Debug|Any CPU
		{D8DA6D82-B15A-42F5-B396-A0C021B9838B}.Debug|ARM.Build.0 = Debug|Any CPU
		{D8DA6D82-B15A-42F5-B396-A0C021B9838B}.Debug|ARM64.ActiveCfg = Debug|Any CPU
		{D8DA6D82-B15A-42F5-B396-A0C021B9838B}.Debug|ARM64.Build.0 = Debug|Any CPU
		{D8DA6D82-B15A-42F5-B396-A0C021B9838B}.Debug|iPhone.ActiveCfg = Debug|Any CPU
		{D8DA6D82-B15A-42F5-B396-A0C021B9838B}.Debug|iPhone.Build.0 = Debug|Any CPU
		{D8DA6D82-B15A-42F5-B396-A0C021B9838B}.Debug|iPhoneSimulator.ActiveCfg = Debug|Any CPU
		{D8DA6D82-B15A-42F5-B396-A0C021B9838B}.Debug|iPhoneSimulator.Build.0 = Debug|Any CPU
		{D8DA6D82-B15A-42F5-B396-A0C021B9838B}.Debug|x64.ActiveCfg = Debug|Any CPU
		{D8DA6D82-B15A-42F5-B396-A0C021B9838B}.Debug|x64.Build.0 = Debug|Any CPU
		{D8DA6D82-B15A-42F5-B396-A0C021B9838B}.Debug|x86.ActiveCfg = Debug|Any CPU
		{D8DA6D82-B15A-42F5-B396-A0C021B9838B}.Debug|x86.Build.0 = Debug|Any CPU
		{D8DA6D82-B15A-42F5-B396-A0C021B9838B}.Release|Any CPU.ActiveCfg = Release|Any CPU
		{D8DA6D82-B15A-42F5-B396-A0C021B9838B}.Release|Any CPU.Build.0 = Release|Any CPU
		{D8DA6D82-B15A-42F5-B396-A0C021B9838B}.Release|ARM.ActiveCfg = Release|Any CPU
		{D8DA6D82-B15A-42F5-B396-A0C021B9838B}.Release|ARM.Build.0 = Release|Any CPU
		{D8DA6D82-B15A-42F5-B396-A0C021B9838B}.Release|ARM64.ActiveCfg = Release|Any CPU
		{D8DA6D82-B15A-42F5-B396-A0C021B9838B}.Release|ARM64.Build.0 = Release|Any CPU
		{D8DA6D82-B15A-42F5-B396-A0C021B9838B}.Release|iPhone.ActiveCfg = Release|Any CPU
		{D8DA6D82-B15A-42F5-B396-A0C021B9838B}.Release|iPhone.Build.0 = Release|Any CPU
		{D8DA6D82-B15A-42F5-B396-A0C021B9838B}.Release|iPhoneSimulator.ActiveCfg = Release|Any CPU
		{D8DA6D82-B15A-42F5-B396-A0C021B9838B}.Release|iPhoneSimulator.Build.0 = Release|Any CPU
		{D8DA6D82-B15A-42F5-B396-A0C021B9838B}.Release|x64.ActiveCfg = Release|Any CPU
		{D8DA6D82-B15A-42F5-B396-A0C021B9838B}.Release|x64.Build.0 = Release|Any CPU
		{D8DA6D82-B15A-42F5-B396-A0C021B9838B}.Release|x86.ActiveCfg = Release|Any CPU
		{D8DA6D82-B15A-42F5-B396-A0C021B9838B}.Release|x86.Build.0 = Release|Any CPU
	EndGlobalSection
	GlobalSection(SolutionProperties) = preSolution
		HideSolutionNode = FALSE
	EndGlobalSection
	GlobalSection(NestedProjects) = preSolution
		{5A94464C-636F-41C1-A02D-7E677CE2F764} = {E0A3C0E9-0668-4CD8-9555-54E9A9C3B0AD}
		{F1E1AB8D-DBBF-4B59-AC2C-F5CDE00C33B5} = {E0A3C0E9-0668-4CD8-9555-54E9A9C3B0AD}
		{E0A3C0E9-0668-4CD8-9555-54E9A9C3B0AD} = {318C12B0-3287-41BE-B97B-4B255CBBAFA9}
		{05CFCB34-7A63-496F-BA00-3CA99622E233} = {318C12B0-3287-41BE-B97B-4B255CBBAFA9}
		{C7A1E1DC-3B00-4B97-9FF0-90E626981BE5} = {05CFCB34-7A63-496F-BA00-3CA99622E233}
	EndGlobalSection
	GlobalSection(ExtensibilityGlobals) = postSolution
		SolutionGuid = {067C7B19-FEB4-44A4-A3D4-59DBF0712B63}
	EndGlobalSection
EndGlobal
